
Microsoft Visual Studio Solution File, Format Version 12.00
# Visual Studio Version 16
VisualStudioVersion = 16.0.29519.181
MinimumVisualStudioVersion = 10.0.40219.1
Project("{FAE04EC0-301F-11D3-BF4B-00C04F79EFBC}") = "Lab1SGBD", "Lab1SGBD.csproj", "{12DF0986-07B1-456B-8656-A2C79C44C886}"
EndProject
Global
	GlobalSection(SolutionConfigurationPlatforms) = preSolution
		Debug|Any CPU = Debug|Any CPU
		Release|Any CPU = Release|Any CPU
	EndGlobalSection
	GlobalSection(ProjectConfigurationPlatforms) = postSolution
		{12DF0986-07B1-456B-8656-A2C79C44C886}.Debug|Any CPU.ActiveCfg = Debug|Any CPU
		{12DF0986-07B1-456B-8656-A2C79C44C886}.Debug|Any CPU.Build.0 = Debug|Any CPU
		{12DF0986-07B1-456B-8656-A2C79C44C886}.Release|Any CPU.ActiveCfg = Release|Any CPU
		{12DF0986-07B1-456B-8656-A2C79C44C886}.Release|Any CPU.Build.0 = Release|Any CPU
	EndGlobalSection
	GlobalSection(SolutionProperties) = preSolution
		HideSolutionNode = FALSE
	EndGlobalSection
	GlobalSection(ExtensibilityGlobals) = postSolution
		SolutionGuid = {9800DC09-85D4-48FF-B028-D19B4BB5C3E5}
	EndGlobalSection
EndGlobal
